
Microsoft Visual Studio Solution File, Format Version 12.00
# Visual Studio 15
VisualStudioVersion = 15.0.27703.2042
MinimumVisualStudioVersion = 10.0.40219.1
Project("{FAE04EC0-301F-11D3-BF4B-00C04F79EFBC}") = "Mod4", "Mod4\Mod4.csproj", "{A8E88CEA-9C8D-4316-A506-C3183789B93B}"
EndProject
Project("{FAE04EC0-301F-11D3-BF4B-00C04F79EFBC}") = "UnitTestProject1", "UnitTestProject1\UnitTestProject1.csproj", "{A570BDE2-B747-45E5-8DAC-ADF60D095178}"
EndProject
Global
	GlobalSection(SolutionConfigurationPlatforms) = preSolution
		Debug|Any CPU = Debug|Any CPU
		Release|Any CPU = Release|Any CPU
	EndGlobalSection
	GlobalSection(ProjectConfigurationPlatforms) = postSolution
		{A8E88CEA-9C8D-4316-A506-C3183789B93B}.Debug|Any CPU.ActiveCfg = Debug|Any CPU
		{A8E88CEA-9C8D-4316-A506-C3183789B93B}.Debug|Any CPU.Build.0 = Debug|Any CPU
		{A8E88CEA-9C8D-4316-A506-C3183789B93B}.Release|Any CPU.ActiveCfg = Release|Any CPU
		{A8E88CEA-9C8D-4316-A506-C3183789B93B}.Release|Any CPU.Build.0 = Release|Any CPU
		{A570BDE2-B747-45E5-8DAC-ADF60D095178}.Debug|Any CPU.ActiveCfg = Debug|Any CPU
		{A570BDE2-B747-45E5-8DAC-ADF60D095178}.Debug|Any CPU.Build.0 = Debug|Any CPU
		{A570BDE2-B747-45E5-8DAC-ADF60D095178}.Release|Any CPU.ActiveCfg = Release|Any CPU
		{A570BDE2-B747-45E5-8DAC-ADF60D095178}.Release|Any CPU.Build.0 = Release|Any CPU
	EndGlobalSection
	GlobalSection(SolutionProperties) = preSolution
		HideSolutionNode = FALSE
	EndGlobalSection
	GlobalSection(ExtensibilityGlobals) = postSolution
		SolutionGuid = {777A5EAD-51B9-4C0F-BC2F-FC9F602F237A}
	EndGlobalSection
EndGlobal
